
Microsoft Visual Studio Solution File, Format Version 12.00
# Visual Studio Version 17
VisualStudioVersion = 17.0.31903.59
MinimumVisualStudioVersion = 10.0.40219.1
Project("{FAE04EC0-301F-11D3-BF4B-00C04F79EFBC}") = "DribKrok.Core", "DribKrok.Core\DribKrok.Core.csproj", "{A98C6208-F92A-4885-AE8D-3DA3845B8F91}"
EndProject
Project("{FAE04EC0-301F-11D3-BF4B-00C04F79EFBC}") = "DribKrok.Web", "DribKrok.Web\DribKrok.Web.csproj", "{0C17370D-0F03-462B-84C8-5AFFFCF87538}"
EndProject
Project("{FAE04EC0-301F-11D3-BF4B-00C04F79EFBC}") = "DribKrok.Tests", "DribKrok.Tests\DribKrok.Tests.csproj", "{428E60E5-4566-4B4C-9DF2-78C29EB8C78A}"
EndProject
Global
	GlobalSection(SolutionConfigurationPlatforms) = preSolution
		Debug|Any CPU = Debug|Any CPU
		Debug|x64 = Debug|x64
		Debug|x86 = Debug|x86
		Release|Any CPU = Release|Any CPU
		Release|x64 = Release|x64
		Release|x86 = Release|x86
	EndGlobalSection
	GlobalSection(ProjectConfigurationPlatforms) = postSolution
		{A98C6208-F92A-4885-AE8D-3DA3845B8F91}.Debug|Any CPU.ActiveCfg = Debug|Any CPU
		{A98C6208-F92A-4885-AE8D-3DA3845B8F91}.Debug|Any CPU.Build.0 = Debug|Any CPU
		{A98C6208-F92A-4885-AE8D-3DA3845B8F91}.Debug|x64.ActiveCfg = Debug|Any CPU
		{A98C6208-F92A-4885-AE8D-3DA3845B8F91}.Debug|x64.Build.0 = Debug|Any CPU
		{A98C6208-F92A-4885-AE8D-3DA3845B8F91}.Debug|x86.ActiveCfg = Debug|Any CPU
		{A98C6208-F92A-4885-AE8D-3DA3845B8F91}.Debug|x86.Build.0 = Debug|Any CPU
		{A98C6208-F92A-4885-AE8D-3DA3845B8F91}.Release|Any CPU.ActiveCfg = Release|Any CPU
		{A98C6208-F92A-4885-AE8D-3DA3845B8F91}.Release|Any CPU.Build.0 = Release|Any CPU
		{A98C6208-F92A-4885-AE8D-3DA3845B8F91}.Release|x64.ActiveCfg = Release|Any CPU
		{A98C6208-F92A-4885-AE8D-3DA3845B8F91}.Release|x64.Build.0 = Release|Any CPU
		{A98C6208-F92A-4885-AE8D-3DA3845B8F91}.Release|x86.ActiveCfg = Release|Any CPU
		{A98C6208-F92A-4885-AE8D-3DA3845B8F91}.Release|x86.Build.0 = Release|Any CPU
		{0C17370D-0F03-462B-84C8-5AFFFCF87538}.Debug|Any CPU.ActiveCfg = Debug|Any CPU
		{0C17370D-0F03-462B-84C8-5AFFFCF87538}.Debug|Any CPU.Build.0 = Debug|Any CPU
		{0C17370D-0F03-462B-84C8-5AFFFCF87538}.Debug|x64.ActiveCfg = Debug|Any CPU
		{0C17370D-0F03-462B-84C8-5AFFFCF87538}.Debug|x64.Build.0 = Debug|Any CPU
		{0C17370D-0F03-462B-84C8-5AFFFCF87538}.Debug|x86.ActiveCfg = Debug|Any CPU
		{0C17370D-0F03-462B-84C8-5AFFFCF87538}.Debug|x86.Build.0 = Debug|Any CPU
		{0C17370D-0F03-462B-84C8-5AFFFCF87538}.Release|Any CPU.ActiveCfg = Release|Any CPU
		{0C17370D-0F03-462B-84C8-5AFFFCF87538}.Release|Any CPU.Build.0 = Release|Any CPU
		{0C17370D-0F03-462B-84C8-5AFFFCF87538}.Release|x64.ActiveCfg = Release|Any CPU
		{0C17370D-0F03-462B-84C8-5AFFFCF87538}.Release|x64.Build.0 = Release|Any CPU
		{0C17370D-0F03-462B-84C8-5AFFFCF87538}.Release|x86.ActiveCfg = Release|Any CPU
		{0C17370D-0F03-462B-84C8-5AFFFCF87538}.Release|x86.Build.0 = Release|Any CPU
		{428E60E5-4566-4B4C-9DF2-78C29EB8C78A}.Debug|Any CPU.ActiveCfg = Debug|Any CPU
		{428E60E5-4566-4B4C-9DF2-78C29EB8C78A}.Debug|Any CPU.Build.0 = Debug|Any CPU
		{428E60E5-4566-4B4C-9DF2-78C29EB8C78A}.Debug|x64.ActiveCfg = Debug|Any CPU
		{428E60E5-4566-4B4C-9DF2-78C29EB8C78A}.Debug|x64.Build.0 = Debug|Any CPU
		{428E60E5-4566-4B4C-9DF2-78C29EB8C78A}.Debug|x86.ActiveCfg = Debug|Any CPU
		{428E60E5-4566-4B4C-9DF2-78C29EB8C78A}.Debug|x86.Build.0 = Debug|Any CPU
		{428E60E5-4566-4B4C-9DF2-78C29EB8C78A}.Release|Any CPU.ActiveCfg = Release|Any CPU
		{428E60E5-4566-4B4C-9DF2-78C29EB8C78A}.Release|Any CPU.Build.0 = Release|Any CPU
		{428E60E5-4566-4B4C-9DF2-78C29EB8C78A}.Release|x64.ActiveCfg = Release|Any CPU
		{428E60E5-4566-4B4C-9DF2-78C29EB8C78A}.Release|x64.Build.0 = Release|Any CPU
		{428E60E5-4566-4B4C-9DF2-78C29EB8C78A}.Release|x86.ActiveCfg = Release|Any CPU
		{428E60E5-4566-4B4C-9DF2-78C29EB8C78A}.Release|x86.Build.0 = Release|Any CPU
	EndGlobalSection
	GlobalSection(SolutionProperties) = preSolution
		HideSolutionNode = FALSE
	EndGlobalSection
EndGlobal
